
Microsoft Visual Studio Solution File, Format Version 12.00
# Visual Studio Version 17
VisualStudioVersion = 17.9.34622.214
MinimumVisualStudioVersion = 10.0.40219.1
Project("{9A19103F-16F7-4668-BE54-9A1E7A4F7556}") = "BikeDealerMgtAPI", "BikeDealerMgtAPI.csproj", "{C8D43FB9-AF70-449E-BB98-F90A3C656E0B}"
EndProject
Project("{2150E333-8FDC-42A3-9474-1A3956D46DE8}") = "Solution Items", "Solution Items", "{9D511F00-9976-47E5-911D-568182108F5C}"
	ProjectSection(SolutionItems) = preProject
		.gitignore = .gitignore
		Models\AspNetRole.cs = Models\AspNetRole.cs
		Models\AspNetRoleClaim.cs = Models\AspNetRoleClaim.cs
		Models\AspNetUser.cs = Models\AspNetUser.cs
		Models\AspNetUserClaim.cs = Models\AspNetUserClaim.cs
		Models\AspNetUserLogin.cs = Models\AspNetUserLogin.cs
		Models\AspNetUserToken.cs = Models\AspNetUserToken.cs
	EndProjectSection
EndProject
Global
	GlobalSection(SolutionConfigurationPlatforms) = preSolution
		Debug|Any CPU = Debug|Any CPU
		Release|Any CPU = Release|Any CPU
	EndGlobalSection
	GlobalSection(ProjectConfigurationPlatforms) = postSolution
		{C8D43FB9-AF70-449E-BB98-F90A3C656E0B}.Debug|Any CPU.ActiveCfg = Debug|Any CPU
		{C8D43FB9-AF70-449E-BB98-F90A3C656E0B}.Debug|Any CPU.Build.0 = Debug|Any CPU
		{C8D43FB9-AF70-449E-BB98-F90A3C656E0B}.Release|Any CPU.ActiveCfg = Release|Any CPU
		{C8D43FB9-AF70-449E-BB98-F90A3C656E0B}.Release|Any CPU.Build.0 = Release|Any CPU
	EndGlobalSection
	GlobalSection(SolutionProperties) = preSolution
		HideSolutionNode = FALSE
	EndGlobalSection
	GlobalSection(ExtensibilityGlobals) = postSolution
		SolutionGuid = {78583EE4-913E-44E1-879B-8E2B1F30FEBC}
	EndGlobalSection
EndGlobal
